// !$*UTF8*$!
{
	archiveVersion = 1;
	classes = {
	};
	objectVersion = 55;
	objects = {

/* Begin PBXBuildFile section */
		864B981E275D13160027CD06 /* Localizable.strings in Resources */ = {isa = PBXBuildFile; fileRef = 864B9820275D13160027CD06 /* Localizable.strings */; };
		864B9825275D173B0027CD06 /* String+NSLocalizedString.swift in Sources */ = {isa = PBXBuildFile; fileRef = 864B9824275D173B0027CD06 /* String+NSLocalizedString.swift */; };
		864B982C275D4DE70027CD06 /* SubscriptionServicesRepository.swift in Sources */ = {isa = PBXBuildFile; fileRef = 864B982B275D4DE70027CD06 /* SubscriptionServicesRepository.swift */; };
		864B982E275D4E030027CD06 /* RemoteService.swift in Sources */ = {isa = PBXBuildFile; fileRef = 864B982D275D4E030027CD06 /* RemoteService.swift */; };
		864B9830275D4E160027CD06 /* LocalStorageService.swift in Sources */ = {isa = PBXBuildFile; fileRef = 864B982F275D4E160027CD06 /* LocalStorageService.swift */; };
		864B9833275D50520027CD06 /* SubscriptionService.swift in Sources */ = {isa = PBXBuildFile; fileRef = 864B9832275D50520027CD06 /* SubscriptionService.swift */; };
		864B9835275D53560027CD06 /* Subscription.swift in Sources */ = {isa = PBXBuildFile; fileRef = 864B9834275D53560027CD06 /* Subscription.swift */; };
		864B9838275D584D0027CD06 /* Nuke in Frameworks */ = {isa = PBXBuildFile; productRef = 864B9837275D584D0027CD06 /* Nuke */; };
		86E4E713275BF6A50078249A /* AppDelegate.swift in Sources */ = {isa = PBXBuildFile; fileRef = 86E4E712275BF6A50078249A /* AppDelegate.swift */; };
		86E4E71C275BF6A60078249A /* Assets.xcassets in Resources */ = {isa = PBXBuildFile; fileRef = 86E4E71B275BF6A60078249A /* Assets.xcassets */; };
		86E4E71F275BF6A60078249A /* LaunchScreen.storyboard in Resources */ = {isa = PBXBuildFile; fileRef = 86E4E71D275BF6A60078249A /* LaunchScreen.storyboard */; };
		86E4E72C275C08A20078249A /* SubscriptionsPresenter.swift in Sources */ = {isa = PBXBuildFile; fileRef = 86E4E728275C08A20078249A /* SubscriptionsPresenter.swift */; };
		86E4E72D275C08A20078249A /* SubscriptionsRouter.swift in Sources */ = {isa = PBXBuildFile; fileRef = 86E4E729275C08A20078249A /* SubscriptionsRouter.swift */; };
		86E4E72E275C08A20078249A /* SubscriptionsViewController.swift in Sources */ = {isa = PBXBuildFile; fileRef = 86E4E72A275C08A20078249A /* SubscriptionsViewController.swift */; };
		86E4E72F275C08A20078249A /* SubscriptionsAssembly.swift in Sources */ = {isa = PBXBuildFile; fileRef = 86E4E72B275C08A20078249A /* SubscriptionsAssembly.swift */; };
		86E4E734275C12330078249A /* SubscriptionsItemCell.swift in Sources */ = {isa = PBXBuildFile; fileRef = 86E4E733275C12330078249A /* SubscriptionsItemCell.swift */; };
/* End PBXBuildFile section */

/* Begin PBXFileReference section */
		864B981F275D13160027CD06 /* en */ = {isa = PBXFileReference; lastKnownFileType = text.plist.strings; name = en; path = en.lproj/Localizable.strings; sourceTree = "<group>"; };
		864B9821275D14900027CD06 /* ru */ = {isa = PBXFileReference; lastKnownFileType = text.plist.strings; name = ru; path = ru.lproj/LaunchScreen.strings; sourceTree = "<group>"; };
		864B9822275D14910027CD06 /* ru */ = {isa = PBXFileReference; lastKnownFileType = text.plist.strings; name = ru; path = ru.lproj/Localizable.strings; sourceTree = "<group>"; };
		864B9824275D173B0027CD06 /* String+NSLocalizedString.swift */ = {isa = PBXFileReference; lastKnownFileType = sourcecode.swift; path = "String+NSLocalizedString.swift"; sourceTree = "<group>"; };
		864B982B275D4DE70027CD06 /* SubscriptionServicesRepository.swift */ = {isa = PBXFileReference; lastKnownFileType = sourcecode.swift; path = SubscriptionServicesRepository.swift; sourceTree = "<group>"; };
		864B982D275D4E030027CD06 /* RemoteService.swift */ = {isa = PBXFileReference; lastKnownFileType = sourcecode.swift; path = RemoteService.swift; sourceTree = "<group>"; };
		864B982F275D4E160027CD06 /* LocalStorageService.swift */ = {isa = PBXFileReference; lastKnownFileType = sourcecode.swift; path = LocalStorageService.swift; sourceTree = "<group>"; };
		864B9832275D50520027CD06 /* SubscriptionService.swift */ = {isa = PBXFileReference; lastKnownFileType = sourcecode.swift; path = SubscriptionService.swift; sourceTree = "<group>"; };
		864B9834275D53560027CD06 /* Subscription.swift */ = {isa = PBXFileReference; lastKnownFileType = sourcecode.swift; path = Subscription.swift; sourceTree = "<group>"; };
		86E4E70F275BF6A50078249A /* Echoscribe.app */ = {isa = PBXFileReference; explicitFileType = wrapper.application; includeInIndex = 0; path = Echoscribe.app; sourceTree = BUILT_PRODUCTS_DIR; };
		86E4E712275BF6A50078249A /* AppDelegate.swift */ = {isa = PBXFileReference; lastKnownFileType = sourcecode.swift; path = AppDelegate.swift; sourceTree = "<group>"; };
		86E4E71B275BF6A60078249A /* Assets.xcassets */ = {isa = PBXFileReference; lastKnownFileType = folder.assetcatalog; path = Assets.xcassets; sourceTree = "<group>"; };
		86E4E71E275BF6A60078249A /* Base */ = {isa = PBXFileReference; lastKnownFileType = file.storyboard; name = Base; path = Base.lproj/LaunchScreen.storyboard; sourceTree = "<group>"; };
		86E4E720275BF6A60078249A /* Info.plist */ = {isa = PBXFileReference; lastKnownFileType = text.plist.xml; path = Info.plist; sourceTree = "<group>"; };
		86E4E728275C08A20078249A /* SubscriptionsPresenter.swift */ = {isa = PBXFileReference; lastKnownFileType = sourcecode.swift; path = SubscriptionsPresenter.swift; sourceTree = "<group>"; };
		86E4E729275C08A20078249A /* SubscriptionsRouter.swift */ = {isa = PBXFileReference; lastKnownFileType = sourcecode.swift; path = SubscriptionsRouter.swift; sourceTree = "<group>"; };
		86E4E72A275C08A20078249A /* SubscriptionsViewController.swift */ = {isa = PBXFileReference; lastKnownFileType = sourcecode.swift; path = SubscriptionsViewController.swift; sourceTree = "<group>"; };
		86E4E72B275C08A20078249A /* SubscriptionsAssembly.swift */ = {isa = PBXFileReference; lastKnownFileType = sourcecode.swift; path = SubscriptionsAssembly.swift; sourceTree = "<group>"; };
		86E4E733275C12330078249A /* SubscriptionsItemCell.swift */ = {isa = PBXFileReference; lastKnownFileType = sourcecode.swift; path = SubscriptionsItemCell.swift; sourceTree = "<group>"; };
/* End PBXFileReference section */

/* Begin PBXFrameworksBuildPhase section */
		86E4E70C275BF6A50078249A /* Frameworks */ = {
			isa = PBXFrameworksBuildPhase;
			buildActionMask = 2147483647;
			files = (
				864B9838275D584D0027CD06 /* Nuke in Frameworks */,
			);
			runOnlyForDeploymentPostprocessing = 0;
		};
/* End PBXFrameworksBuildPhase section */

/* Begin PBXGroup section */
		864B9823275D17110027CD06 /* Extensions */ = {
			isa = PBXGroup;
			children = (
				864B9824275D173B0027CD06 /* String+NSLocalizedString.swift */,
			);
			path = Extensions;
			sourceTree = "<group>";
		};
		864B9829275D4DBD0027CD06 /* Repositories */ = {
			isa = PBXGroup;
			children = (
				864B982B275D4DE70027CD06 /* SubscriptionServicesRepository.swift */,
			);
			path = Repositories;
			sourceTree = "<group>";
		};
		864B982A275D4DC80027CD06 /* Services */ = {
			isa = PBXGroup;
			children = (
				864B982D275D4E030027CD06 /* RemoteService.swift */,
				864B982F275D4E160027CD06 /* LocalStorageService.swift */,
			);
			path = Services;
			sourceTree = "<group>";
		};
		864B9831275D4EFD0027CD06 /* Data Models */ = {
			isa = PBXGroup;
			children = (
				864B9834275D53560027CD06 /* Subscription.swift */,
				864B9832275D50520027CD06 /* SubscriptionService.swift */,
			);
			path = "Data Models";
			sourceTree = "<group>";
		};
		86E4E706275BF6A40078249A = {
			isa = PBXGroup;
			children = (
				86E4E711275BF6A50078249A /* Echoscribe */,
				86E4E710275BF6A50078249A /* Products */,
			);
			sourceTree = "<group>";
		};
		86E4E710275BF6A50078249A /* Products */ = {
			isa = PBXGroup;
			children = (
				86E4E70F275BF6A50078249A /* Echoscribe.app */,
			);
			name = Products;
			sourceTree = "<group>";
		};
		86E4E711275BF6A50078249A /* Echoscribe */ = {
			isa = PBXGroup;
			children = (
				864B9831275D4EFD0027CD06 /* Data Models */,
				86E4E727275C07FF0078249A /* Modules */,
				864B9829275D4DBD0027CD06 /* Repositories */,
				864B982A275D4DC80027CD06 /* Services */,
				864B9823275D17110027CD06 /* Extensions */,
				86E4E726275BFF470078249A /* Supporting Files */,
			);
			path = Echoscribe;
			sourceTree = "<group>";
		};
		86E4E726275BFF470078249A /* Supporting Files */ = {
			isa = PBXGroup;
			children = (
				86E4E712275BF6A50078249A /* AppDelegate.swift */,
				864B9820275D13160027CD06 /* Localizable.strings */,
				86E4E71B275BF6A60078249A /* Assets.xcassets */,
				86E4E71D275BF6A60078249A /* LaunchScreen.storyboard */,
				86E4E720275BF6A60078249A /* Info.plist */,
			);
			path = "Supporting Files";
			sourceTree = "<group>";
		};
		86E4E727275C07FF0078249A /* Modules */ = {
			isa = PBXGroup;
			children = (
				86E4E730275C08A60078249A /* Subscriptions */,
			);
			path = Modules;
			sourceTree = "<group>";
		};
		86E4E730275C08A60078249A /* Subscriptions */ = {
			isa = PBXGroup;
			children = (
				86E4E731275C0AD90078249A /* Views */,
				86E4E72B275C08A20078249A /* SubscriptionsAssembly.swift */,
				86E4E72A275C08A20078249A /* SubscriptionsViewController.swift */,
				86E4E728275C08A20078249A /* SubscriptionsPresenter.swift */,
				86E4E729275C08A20078249A /* SubscriptionsRouter.swift */,
			);
			path = Subscriptions;
			sourceTree = "<group>";
		};
		86E4E731275C0AD90078249A /* Views */ = {
			isa = PBXGroup;
			children = (
				86E4E732275C0AEC0078249A /* Cells */,
			);
			path = Views;
			sourceTree = "<group>";
		};
		86E4E732275C0AEC0078249A /* Cells */ = {
			isa = PBXGroup;
			children = (
				86E4E733275C12330078249A /* SubscriptionsItemCell.swift */,
			);
			path = Cells;
			sourceTree = "<group>";
		};
/* End PBXGroup section */

/* Begin PBXNativeTarget section */
		86E4E70E275BF6A50078249A /* Echoscribe */ = {
			isa = PBXNativeTarget;
			buildConfigurationList = 86E4E723275BF6A60078249A /* Build configuration list for PBXNativeTarget "Echoscribe" */;
			buildPhases = (
				86E4E70B275BF6A50078249A /* Sources */,
				86E4E70C275BF6A50078249A /* Frameworks */,
				86E4E70D275BF6A50078249A /* Resources */,
			);
			buildRules = (
			);
			dependencies = (
			);
			name = Echoscribe;
			packageProductDependencies = (
				864B9837275D584D0027CD06 /* Nuke */,
			);
			productName = Echoscribe;
			productReference = 86E4E70F275BF6A50078249A /* Echoscribe.app */;
			productType = "com.apple.product-type.application";
		};
/* End PBXNativeTarget section */

/* Begin PBXProject section */
		86E4E707275BF6A40078249A /* Project object */ = {
			isa = PBXProject;
			attributes = {
				BuildIndependentTargetsInParallel = 1;
				LastSwiftUpdateCheck = 1310;
				LastUpgradeCheck = 1310;
				TargetAttributes = {
					86E4E70E275BF6A50078249A = {
						CreatedOnToolsVersion = 13.1;
					};
				};
			};
			buildConfigurationList = 86E4E70A275BF6A40078249A /* Build configuration list for PBXProject "Echoscribe" */;
			compatibilityVersion = "Xcode 13.0";
			developmentRegion = en;
			hasScannedForEncodings = 0;
			knownRegions = (
				en,
				Base,
				ru,
			);
			mainGroup = 86E4E706275BF6A40078249A;
			packageReferences = (
				864B9836275D584D0027CD06 /* XCRemoteSwiftPackageReference "Nuke" */,
			);
			productRefGroup = 86E4E710275BF6A50078249A /* Products */;
			projectDirPath = "";
			projectRoot = "";
			targets = (
				86E4E70E275BF6A50078249A /* Echoscribe */,
			);
		};
/* End PBXProject section */

/* Begin PBXResourcesBuildPhase section */
		86E4E70D275BF6A50078249A /* Resources */ = {
			isa = PBXResourcesBuildPhase;
			buildActionMask = 2147483647;
			files = (
				86E4E71F275BF6A60078249A /* LaunchScreen.storyboard in Resources */,
				864B981E275D13160027CD06 /* Localizable.strings in Resources */,
				86E4E71C275BF6A60078249A /* Assets.xcassets in Resources */,
			);
			runOnlyForDeploymentPostprocessing = 0;
		};
/* End PBXResourcesBuildPhase section */

/* Begin PBXSourcesBuildPhase section */
		86E4E70B275BF6A50078249A /* Sources */ = {
			isa = PBXSourcesBuildPhase;
			buildActionMask = 2147483647;
			files = (
				864B982C275D4DE70027CD06 /* SubscriptionServicesRepository.swift in Sources */,
				864B982E275D4E030027CD06 /* RemoteService.swift in Sources */,
				86E4E713275BF6A50078249A /* AppDelegate.swift in Sources */,
				864B9833275D50520027CD06 /* SubscriptionService.swift in Sources */,
				864B9830275D4E160027CD06 /* LocalStorageService.swift in Sources */,
				86E4E72E275C08A20078249A /* SubscriptionsViewController.swift in Sources */,
				864B9835275D53560027CD06 /* Subscription.swift in Sources */,
				86E4E72C275C08A20078249A /* SubscriptionsPresenter.swift in Sources */,
				864B9825275D173B0027CD06 /* String+NSLocalizedString.swift in Sources */,
				86E4E72F275C08A20078249A /* SubscriptionsAssembly.swift in Sources */,
				86E4E72D275C08A20078249A /* SubscriptionsRouter.swift in Sources */,
				86E4E734275C12330078249A /* SubscriptionsItemCell.swift in Sources */,
			);
			runOnlyForDeploymentPostprocessing = 0;
		};
/* End PBXSourcesBuildPhase section */

/* Begin PBXVariantGroup section */
		864B9820275D13160027CD06 /* Localizable.strings */ = {
			isa = PBXVariantGroup;
			children = (
				864B981F275D13160027CD06 /* en */,
				864B9822275D14910027CD06 /* ru */,
			);
			name = Localizable.strings;
			sourceTree = "<group>";
		};
		86E4E71D275BF6A60078249A /* LaunchScreen.storyboard */ = {
			isa = PBXVariantGroup;
			children = (
				86E4E71E275BF6A60078249A /* Base */,
				864B9821275D14900027CD06 /* ru */,
			);
			name = LaunchScreen.storyboard;
			sourceTree = "<group>";
		};
/* End PBXVariantGroup section */

/* Begin XCBuildConfiguration section */
		86E4E721275BF6A60078249A /* Debug */ = {
			isa = XCBuildConfiguration;
			buildSettings = {
				ALWAYS_SEARCH_USER_PATHS = NO;
				CLANG_ANALYZER_LOCALIZABILITY_NONLOCALIZED = YES;
				CLANG_ANALYZER_NONNULL = YES;
				CLANG_ANALYZER_NUMBER_OBJECT_CONVERSION = YES_AGGRESSIVE;
				CLANG_CXX_LANGUAGE_STANDARD = "gnu++17";
				CLANG_CXX_LIBRARY = "libc++";
				CLANG_ENABLE_MODULES = YES;
				CLANG_ENABLE_OBJC_ARC = YES;
				CLANG_ENABLE_OBJC_WEAK = YES;
				CLANG_WARN_BLOCK_CAPTURE_AUTORELEASING = YES;
				CLANG_WARN_BOOL_CONVERSION = YES;
				CLANG_WARN_COMMA = YES;
				CLANG_WARN_CONSTANT_CONVERSION = YES;
				CLANG_WARN_DEPRECATED_OBJC_IMPLEMENTATIONS = YES;
				CLANG_WARN_DIRECT_OBJC_ISA_USAGE = YES_ERROR;
				CLANG_WARN_DOCUMENTATION_COMMENTS = YES;
				CLANG_WARN_EMPTY_BODY = YES;
				CLANG_WARN_ENUM_CONVERSION = YES;
				CLANG_WARN_INFINITE_RECURSION = YES;
				CLANG_WARN_INT_CONVERSION = YES;
				CLANG_WARN_NON_LITERAL_NULL_CONVERSION = YES;
				CLANG_WARN_OBJC_IMPLICIT_RETAIN_SELF = YES;
				CLANG_WARN_OBJC_LITERAL_CONVERSION = YES;
				CLANG_WARN_OBJC_ROOT_CLASS = YES_ERROR;
				CLANG_WARN_QUOTED_INCLUDE_IN_FRAMEWORK_HEADER = YES;
				CLANG_WARN_RANGE_LOOP_ANALYSIS = YES;
				CLANG_WARN_STRICT_PROTOTYPES = YES;
				CLANG_WARN_SUSPICIOUS_MOVE = YES;
				CLANG_WARN_UNGUARDED_AVAILABILITY = YES_AGGRESSIVE;
				CLANG_WARN_UNREACHABLE_CODE = YES;
				CLANG_WARN__DUPLICATE_METHOD_MATCH = YES;
				COPY_PHASE_STRIP = NO;
				DEBUG_INFORMATION_FORMAT = dwarf;
				ENABLE_STRICT_OBJC_MSGSEND = YES;
				ENABLE_TESTABILITY = YES;
				GCC_C_LANGUAGE_STANDARD = gnu11;
				GCC_DYNAMIC_NO_PIC = NO;
				GCC_NO_COMMON_BLOCKS = YES;
				GCC_OPTIMIZATION_LEVEL = 0;
				GCC_PREPROCESSOR_DEFINITIONS = (
					"DEBUG=1",
					"$(inherited)",
				);
				GCC_WARN_64_TO_32_BIT_CONVERSION = YES;
				GCC_WARN_ABOUT_RETURN_TYPE = YES_ERROR;
				GCC_WARN_UNDECLARED_SELECTOR = YES;
				GCC_WARN_UNINITIALIZED_AUTOS = YES_AGGRESSIVE;
				GCC_WARN_UNUSED_FUNCTION = YES;
				GCC_WARN_UNUSED_VARIABLE = YES;
				IPHONEOS_DEPLOYMENT_TARGET = 15.0;
				MTL_ENABLE_DEBUG_INFO = INCLUDE_SOURCE;
				MTL_FAST_MATH = YES;
				ONLY_ACTIVE_ARCH = YES;
				SDKROOT = iphoneos;
				SWIFT_ACTIVE_COMPILATION_CONDITIONS = DEBUG;
				SWIFT_OPTIMIZATION_LEVEL = "-Onone";
			};
			name = Debug;
		};
		86E4E722275BF6A60078249A /* Release */ = {
			isa = XCBuildConfiguration;
			buildSettings = {
				ALWAYS_SEARCH_USER_PATHS = NO;
				CLANG_ANALYZER_LOCALIZABILITY_NONLOCALIZED = YES;
				CLANG_ANALYZER_NONNULL = YES;
				CLANG_ANALYZER_NUMBER_OBJECT_CONVERSION = YES_AGGRESSIVE;
				CLANG_CXX_LANGUAGE_STANDARD = "gnu++17";
				CLANG_CXX_LIBRARY = "libc++";
				CLANG_ENABLE_MODULES = YES;
				CLANG_ENABLE_OBJC_ARC = YES;
				CLANG_ENABLE_OBJC_WEAK = YES;
				CLANG_WARN_BLOCK_CAPTURE_AUTORELEASING = YES;
				CLANG_WARN_BOOL_CONVERSION = YES;
				CLANG_WARN_COMMA = YES;
				CLANG_WARN_CONSTANT_CONVERSION = YES;
				CLANG_WARN_DEPRECATED_OBJC_IMPLEMENTATIONS = YES;
				CLANG_WARN_DIRECT_OBJC_ISA_USAGE = YES_ERROR;
				CLANG_WARN_DOCUMENTATION_COMMENTS = YES;
				CLANG_WARN_EMPTY_BODY = YES;
				CLANG_WARN_ENUM_CONVERSION = YES;
				CLANG_WARN_INFINITE_RECURSION = YES;
				CLANG_WARN_INT_CONVERSION = YES;
				CLANG_WARN_NON_LITERAL_NULL_CONVERSION = YES;
				CLANG_WARN_OBJC_IMPLICIT_RETAIN_SELF = YES;
				CLANG_WARN_OBJC_LITERAL_CONVERSION = YES;
				CLANG_WARN_OBJC_ROOT_CLASS = YES_ERROR;
				CLANG_WARN_QUOTED_INCLUDE_IN_FRAMEWORK_HEADER = YES;
				CLANG_WARN_RANGE_LOOP_ANALYSIS = YES;
				CLANG_WARN_STRICT_PROTOTYPES = YES;
				CLANG_WARN_SUSPICIOUS_MOVE = YES;
				CLANG_WARN_UNGUARDED_AVAILABILITY = YES_AGGRESSIVE;
				CLANG_WARN_UNREACHABLE_CODE = YES;
				CLANG_WARN__DUPLICATE_METHOD_MATCH = YES;
				COPY_PHASE_STRIP = NO;
				DEBUG_INFORMATION_FORMAT = "dwarf-with-dsym";
				ENABLE_NS_ASSERTIONS = NO;
				ENABLE_STRICT_OBJC_MSGSEND = YES;
				GCC_C_LANGUAGE_STANDARD = gnu11;
				GCC_NO_COMMON_BLOCKS = YES;
				GCC_WARN_64_TO_32_BIT_CONVERSION = YES;
				GCC_WARN_ABOUT_RETURN_TYPE = YES_ERROR;
				GCC_WARN_UNDECLARED_SELECTOR = YES;
				GCC_WARN_UNINITIALIZED_AUTOS = YES_AGGRESSIVE;
				GCC_WARN_UNUSED_FUNCTION = YES;
				GCC_WARN_UNUSED_VARIABLE = YES;
				IPHONEOS_DEPLOYMENT_TARGET = 15.0;
				MTL_ENABLE_DEBUG_INFO = NO;
				MTL_FAST_MATH = YES;
				SDKROOT = iphoneos;
				SWIFT_COMPILATION_MODE = wholemodule;
				SWIFT_OPTIMIZATION_LEVEL = "-O";
				VALIDATE_PRODUCT = YES;
			};
			name = Release;
		};
		86E4E724275BF6A60078249A /* Debug */ = {
			isa = XCBuildConfiguration;
			buildSettings = {
				ASSETCATALOG_COMPILER_APPICON_NAME = AppIcon;
				ASSETCATALOG_COMPILER_GLOBAL_ACCENT_COLOR_NAME = AccentColor;
				CODE_SIGN_STYLE = Automatic;
				CURRENT_PROJECT_VERSION = 1;
				DEVELOPMENT_TEAM = TPF9LD4TZU;
				GENERATE_INFOPLIST_FILE = YES;
				INFOPLIST_FILE = "Echoscribe/Supporting Files/Info.plist";
				INFOPLIST_KEY_CFBundleDisplayName = Echoscribe;
				INFOPLIST_KEY_UIApplicationSupportsIndirectInputEvents = YES;
				INFOPLIST_KEY_UILaunchStoryboardName = LaunchScreen;
				INFOPLIST_KEY_UISupportedInterfaceOrientations = UIInterfaceOrientationPortrait;
				INFOPLIST_KEY_UISupportedInterfaceOrientations_iPad = "UIInterfaceOrientationPortrait UIInterfaceOrientationPortraitUpsideDown UIInterfaceOrientationLandscapeLeft UIInterfaceOrientationLandscapeRight";
				INFOPLIST_KEY_UISupportedInterfaceOrientations_iPhone = "UIInterfaceOrientationPortrait UIInterfaceOrientationLandscapeLeft UIInterfaceOrientationLandscapeRight";
				IPHONEOS_DEPLOYMENT_TARGET = 13.0;
				LD_RUNPATH_SEARCH_PATHS = (
					"$(inherited)",
					"@executable_path/Frameworks",
				);
				MARKETING_VERSION = 1.0;
				PRODUCT_BUNDLE_IDENTIFIER = org.lazybyte.Echoscribe;
				PRODUCT_NAME = "$(TARGET_NAME)";
				SWIFT_EMIT_LOC_STRINGS = YES;
				SWIFT_VERSION = 5.0;
				TARGETED_DEVICE_FAMILY = 1;
			};
			name = Debug;
		};
		86E4E725275BF6A60078249A /* Release */ = {
			isa = XCBuildConfiguration;
			buildSettings = {
				ASSETCATALOG_COMPILER_APPICON_NAME = AppIcon;
				ASSETCATALOG_COMPILER_GLOBAL_ACCENT_COLOR_NAME = AccentColor;
				CODE_SIGN_STYLE = Automatic;
				CURRENT_PROJECT_VERSION = 1;
				DEVELOPMENT_TEAM = TPF9LD4TZU;
				GENERATE_INFOPLIST_FILE = YES;
				INFOPLIST_FILE = "Echoscribe/Supporting Files/Info.plist";
				INFOPLIST_KEY_CFBundleDisplayName = Echoscribe;
				INFOPLIST_KEY_UIApplicationSupportsIndirectInputEvents = YES;
				INFOPLIST_KEY_UILaunchStoryboardName = LaunchScreen;
				INFOPLIST_KEY_UISupportedInterfaceOrientations = UIInterfaceOrientationPortrait;
				INFOPLIST_KEY_UISupportedInterfaceOrientations_iPad = "UIInterfaceOrientationPortrait UIInterfaceOrientationPortraitUpsideDown UIInterfaceOrientationLandscapeLeft UIInterfaceOrientationLandscapeRight";
				INFOPLIST_KEY_UISupportedInterfaceOrientations_iPhone = "UIInterfaceOrientationPortrait UIInterfaceOrientationLandscapeLeft UIInterfaceOrientationLandscapeRight";
				IPHONEOS_DEPLOYMENT_TARGET = 13.0;
				LD_RUNPATH_SEARCH_PATHS = (
					"$(inherited)",
					"@executable_path/Frameworks",
				);
				MARKETING_VERSION = 1.0;
				PRODUCT_BUNDLE_IDENTIFIER = org.lazybyte.Echoscribe;
				PRODUCT_NAME = "$(TARGET_NAME)";
				SWIFT_EMIT_LOC_STRINGS = YES;
				SWIFT_VERSION = 5.0;
				TARGETED_DEVICE_FAMILY = 1;
			};
			name = Release;
		};
/* End XCBuildConfiguration section */

/* Begin XCConfigurationList section */
		86E4E70A275BF6A40078249A /* Build configuration list for PBXProject "Echoscribe" */ = {
			isa = XCConfigurationList;
			buildConfigurations = (
				86E4E721275BF6A60078249A /* Debug */,
				86E4E722275BF6A60078249A /* Release */,
			);
			defaultConfigurationIsVisible = 0;
			defaultConfigurationName = Release;
		};
		86E4E723275BF6A60078249A /* Build configuration list for PBXNativeTarget "Echoscribe" */ = {
			isa = XCConfigurationList;
			buildConfigurations = (
				86E4E724275BF6A60078249A /* Debug */,
				86E4E725275BF6A60078249A /* Release */,
			);
			defaultConfigurationIsVisible = 0;
			defaultConfigurationName = Release;
		};
/* End XCConfigurationList section */

/* Begin XCRemoteSwiftPackageReference section */
		864B9836275D584D0027CD06 /* XCRemoteSwiftPackageReference "Nuke" */ = {
			isa = XCRemoteSwiftPackageReference;
			repositoryURL = "https://github.com/kean/Nuke.git";
			requirement = {
				kind = upToNextMajorVersion;
				minimumVersion = 9.0.0;
			};
		};
/* End XCRemoteSwiftPackageReference section */

/* Begin XCSwiftPackageProductDependency section */
		864B9837275D584D0027CD06 /* Nuke */ = {
			isa = XCSwiftPackageProductDependency;
			package = 864B9836275D584D0027CD06 /* XCRemoteSwiftPackageReference "Nuke" */;
			productName = Nuke;
		};
/* End XCSwiftPackageProductDependency section */
	};
	rootObject = 86E4E707275BF6A40078249A /* Project object */;
}
